// !$*UTF8*$!
{
	archiveVersion = 1;
	classes = {
	};
	objectVersion = 55;
	objects = {

/* Begin PBXBuildFile section */
		037AD9AFD83FE5CFDC90B7AB /* Pods_NYTimes_NYTimesUITests.framework in Frameworks */ = {isa = PBXBuildFile; fileRef = 8AD7D46C405B0785504630F2 /* Pods_NYTimes_NYTimesUITests.framework */; };
		0F71E0112799EDA600012F01 /* ExUIView.swift in Sources */ = {isa = PBXBuildFile; fileRef = 0F71E0102799EDA600012F01 /* ExUIView.swift */; };
		0F71E0142799F9C400012F01 /* BaseArticleCell.swift in Sources */ = {isa = PBXBuildFile; fileRef = 0F71E0132799F9C400012F01 /* BaseArticleCell.swift */; };
		0F71E0162799FD0A00012F01 /* NewsVM.swift in Sources */ = {isa = PBXBuildFile; fileRef = 0F71E0152799FD0A00012F01 /* NewsVM.swift */; };
		0F71E0182799FD5F00012F01 /* ArticleVM.swift in Sources */ = {isa = PBXBuildFile; fileRef = 0F71E0172799FD5F00012F01 /* ArticleVM.swift */; };
		0F71E01A279A1BAB00012F01 /* ExUITableview.swift in Sources */ = {isa = PBXBuildFile; fileRef = 0F71E019279A1BAB00012F01 /* ExUITableview.swift */; };
		0F71E01C279A211900012F01 /* ArticleDetailsVC.swift in Sources */ = {isa = PBXBuildFile; fileRef = 0F71E01B279A211900012F01 /* ArticleDetailsVC.swift */; };
		0F71E01E279AAB2000012F01 /* NewsTVCell.swift in Sources */ = {isa = PBXBuildFile; fileRef = 0F71E01D279AAB2000012F01 /* NewsTVCell.swift */; };
		0F71E020279ADC1B00012F01 /* DetailsTVCell.swift in Sources */ = {isa = PBXBuildFile; fileRef = 0F71E01F279ADC1B00012F01 /* DetailsTVCell.swift */; };
		0F71E023279AE73D00012F01 /* DBManager.swift in Sources */ = {isa = PBXBuildFile; fileRef = 0F71E022279AE73D00012F01 /* DBManager.swift */; };
		0F71E026279B02AD00012F01 /* NewsJson.json in Resources */ = {isa = PBXBuildFile; fileRef = 0F71E025279B02AD00012F01 /* NewsJson.json */; };
		0F71E028279B031400012F01 /* NewsVMTests.swift in Sources */ = {isa = PBXBuildFile; fileRef = 0F71E027279B031400012F01 /* NewsVMTests.swift */; };
		0F71E02A279B06EE00012F01 /* ArticleVMTests.swift in Sources */ = {isa = PBXBuildFile; fileRef = 0F71E029279B06EE00012F01 /* ArticleVMTests.swift */; };
		0F71E030279B11BF00012F01 /* EndPointTests.swift in Sources */ = {isa = PBXBuildFile; fileRef = 0F71E02F279B11BF00012F01 /* EndPointTests.swift */; };
		0F71E032279B11CB00012F01 /* GCDTests.swift in Sources */ = {isa = PBXBuildFile; fileRef = 0F71E031279B11CB00012F01 /* GCDTests.swift */; };
		5C784510CD479EDB413ACA2A /* Pods_NYTimes.framework in Frameworks */ = {isa = PBXBuildFile; fileRef = E4615C6E5774812F7DF71E56 /* Pods_NYTimes.framework */; };
		86C034F6894B8782D4C6C790 /* Pods_NYTimesTests.framework in Frameworks */ = {isa = PBXBuildFile; fileRef = 80F22C52997646920628F3DF /* Pods_NYTimesTests.framework */; };
		969699682799782B006CA203 /* AppDelegate.swift in Sources */ = {isa = PBXBuildFile; fileRef = 969699672799782B006CA203 /* AppDelegate.swift */; };
		9696996C2799782B006CA203 /* NewsVC.swift in Sources */ = {isa = PBXBuildFile; fileRef = 9696996B2799782B006CA203 /* NewsVC.swift */; };
		9696996F2799782B006CA203 /* Main.storyboard in Resources */ = {isa = PBXBuildFile; fileRef = 9696996D2799782B006CA203 /* Main.storyboard */; };
		969699712799782D006CA203 /* Assets.xcassets in Resources */ = {isa = PBXBuildFile; fileRef = 969699702799782D006CA203 /* Assets.xcassets */; };
		969699742799782D006CA203 /* LaunchScreen.storyboard in Resources */ = {isa = PBXBuildFile; fileRef = 969699722799782D006CA203 /* LaunchScreen.storyboard */; };
		969699892799782D006CA203 /* NYTimesUITests.swift in Sources */ = {isa = PBXBuildFile; fileRef = 969699882799782D006CA203 /* NYTimesUITests.swift */; };
		9696998B2799782D006CA203 /* NYTimesUITestsLaunchTests.swift in Sources */ = {isa = PBXBuildFile; fileRef = 9696998A2799782D006CA203 /* NYTimesUITestsLaunchTests.swift */; };
		969699A32799927E006CA203 /* AlertDelegate.swift in Sources */ = {isa = PBXBuildFile; fileRef = 969699A22799927E006CA203 /* AlertDelegate.swift */; };
		969699A52799929C006CA203 /* GCD.swift in Sources */ = {isa = PBXBuildFile; fileRef = 969699A42799929C006CA203 /* GCD.swift */; };
		969699A7279992E3006CA203 /* ExURLSession.swift in Sources */ = {isa = PBXBuildFile; fileRef = 969699A6279992E3006CA203 /* ExURLSession.swift */; };
		969699A92799934D006CA203 /* EndPoint.swift in Sources */ = {isa = PBXBuildFile; fileRef = 969699A82799934D006CA203 /* EndPoint.swift */; };
		969699AB27999368006CA203 /* Router.swift in Sources */ = {isa = PBXBuildFile; fileRef = 969699AA27999368006CA203 /* Router.swift */; };
		969699AD27999390006CA203 /* ImgProvider.swift in Sources */ = {isa = PBXBuildFile; fileRef = 969699AC27999390006CA203 /* ImgProvider.swift */; };
		969699AF279997D5006CA203 /* News.swift in Sources */ = {isa = PBXBuildFile; fileRef = 969699AE279997D5006CA203 /* News.swift */; };
/* End PBXBuildFile section */

/* Begin PBXContainerItemProxy section */
		9696997B2799782D006CA203 /* PBXContainerItemProxy */ = {
			isa = PBXContainerItemProxy;
			containerPortal = 9696995C2799782B006CA203 /* Project object */;
			proxyType = 1;
			remoteGlobalIDString = 969699632799782B006CA203;
			remoteInfo = NYTimes;
		};
		969699852799782D006CA203 /* PBXContainerItemProxy */ = {
			isa = PBXContainerItemProxy;
			containerPortal = 9696995C2799782B006CA203 /* Project object */;
			proxyType = 1;
			remoteGlobalIDString = 969699632799782B006CA203;
			remoteInfo = NYTimes;
		};
/* End PBXContainerItemProxy section */

/* Begin PBXFileReference section */
		0F71E0102799EDA600012F01 /* ExUIView.swift */ = {isa = PBXFileReference; lastKnownFileType = sourcecode.swift; path = ExUIView.swift; sourceTree = "<group>"; };
		0F71E0132799F9C400012F01 /* BaseArticleCell.swift */ = {isa = PBXFileReference; lastKnownFileType = sourcecode.swift; path = BaseArticleCell.swift; sourceTree = "<group>"; };
		0F71E0152799FD0A00012F01 /* NewsVM.swift */ = {isa = PBXFileReference; lastKnownFileType = sourcecode.swift; path = NewsVM.swift; sourceTree = "<group>"; };
		0F71E0172799FD5F00012F01 /* ArticleVM.swift */ = {isa = PBXFileReference; lastKnownFileType = sourcecode.swift; path = ArticleVM.swift; sourceTree = "<group>"; };
		0F71E019279A1BAB00012F01 /* ExUITableview.swift */ = {isa = PBXFileReference; lastKnownFileType = sourcecode.swift; path = ExUITableview.swift; sourceTree = "<group>"; };
		0F71E01B279A211900012F01 /* ArticleDetailsVC.swift */ = {isa = PBXFileReference; lastKnownFileType = sourcecode.swift; path = ArticleDetailsVC.swift; sourceTree = "<group>"; };
		0F71E01D279AAB2000012F01 /* NewsTVCell.swift */ = {isa = PBXFileReference; lastKnownFileType = sourcecode.swift; path = NewsTVCell.swift; sourceTree = "<group>"; };
		0F71E01F279ADC1B00012F01 /* DetailsTVCell.swift */ = {isa = PBXFileReference; lastKnownFileType = sourcecode.swift; path = DetailsTVCell.swift; sourceTree = "<group>"; };
		0F71E022279AE73D00012F01 /* DBManager.swift */ = {isa = PBXFileReference; lastKnownFileType = sourcecode.swift; path = DBManager.swift; sourceTree = "<group>"; };
		0F71E025279B02AD00012F01 /* NewsJson.json */ = {isa = PBXFileReference; lastKnownFileType = text.json; path = NewsJson.json; sourceTree = "<group>"; };
		0F71E027279B031400012F01 /* NewsVMTests.swift */ = {isa = PBXFileReference; lastKnownFileType = sourcecode.swift; path = NewsVMTests.swift; sourceTree = "<group>"; };
		0F71E029279B06EE00012F01 /* ArticleVMTests.swift */ = {isa = PBXFileReference; lastKnownFileType = sourcecode.swift; path = ArticleVMTests.swift; sourceTree = "<group>"; };
		0F71E02F279B11BF00012F01 /* EndPointTests.swift */ = {isa = PBXFileReference; fileEncoding = 4; lastKnownFileType = sourcecode.swift; path = EndPointTests.swift; sourceTree = "<group>"; };
		0F71E031279B11CB00012F01 /* GCDTests.swift */ = {isa = PBXFileReference; fileEncoding = 4; lastKnownFileType = sourcecode.swift; path = GCDTests.swift; sourceTree = "<group>"; };
		24249DD936BCB33A912F3732 /* Pods-NYTimes-NYTimesUITests.debug.xcconfig */ = {isa = PBXFileReference; includeInIndex = 1; lastKnownFileType = text.xcconfig; name = "Pods-NYTimes-NYTimesUITests.debug.xcconfig"; path = "Target Support Files/Pods-NYTimes-NYTimesUITests/Pods-NYTimes-NYTimesUITests.debug.xcconfig"; sourceTree = "<group>"; };
		5ACD2A9584F9760B9BC9F50B /* Pods-NYTimes.release.xcconfig */ = {isa = PBXFileReference; includeInIndex = 1; lastKnownFileType = text.xcconfig; name = "Pods-NYTimes.release.xcconfig"; path = "Target Support Files/Pods-NYTimes/Pods-NYTimes.release.xcconfig"; sourceTree = "<group>"; };
		80F22C52997646920628F3DF /* Pods_NYTimesTests.framework */ = {isa = PBXFileReference; explicitFileType = wrapper.framework; includeInIndex = 0; path = Pods_NYTimesTests.framework; sourceTree = BUILT_PRODUCTS_DIR; };
		8AD7D46C405B0785504630F2 /* Pods_NYTimes_NYTimesUITests.framework */ = {isa = PBXFileReference; explicitFileType = wrapper.framework; includeInIndex = 0; path = Pods_NYTimes_NYTimesUITests.framework; sourceTree = BUILT_PRODUCTS_DIR; };
		94AF29EF67EE98DE71193F3A /* Pods-NYTimes-NYTimesUITests.release.xcconfig */ = {isa = PBXFileReference; includeInIndex = 1; lastKnownFileType = text.xcconfig; name = "Pods-NYTimes-NYTimesUITests.release.xcconfig"; path = "Target Support Files/Pods-NYTimes-NYTimesUITests/Pods-NYTimes-NYTimesUITests.release.xcconfig"; sourceTree = "<group>"; };
		969699642799782B006CA203 /* NYTimes.app */ = {isa = PBXFileReference; explicitFileType = wrapper.application; includeInIndex = 0; path = NYTimes.app; sourceTree = BUILT_PRODUCTS_DIR; };
		969699672799782B006CA203 /* AppDelegate.swift */ = {isa = PBXFileReference; lastKnownFileType = sourcecode.swift; path = AppDelegate.swift; sourceTree = "<group>"; };
		9696996B2799782B006CA203 /* NewsVC.swift */ = {isa = PBXFileReference; lastKnownFileType = sourcecode.swift; path = NewsVC.swift; sourceTree = "<group>"; };
		9696996E2799782B006CA203 /* Base */ = {isa = PBXFileReference; lastKnownFileType = file.storyboard; name = Base; path = Base.lproj/Main.storyboard; sourceTree = "<group>"; };
		969699702799782D006CA203 /* Assets.xcassets */ = {isa = PBXFileReference; lastKnownFileType = folder.assetcatalog; path = Assets.xcassets; sourceTree = "<group>"; };
		969699732799782D006CA203 /* Base */ = {isa = PBXFileReference; lastKnownFileType = file.storyboard; name = Base; path = Base.lproj/LaunchScreen.storyboard; sourceTree = "<group>"; };
		969699752799782D006CA203 /* Info.plist */ = {isa = PBXFileReference; lastKnownFileType = text.plist.xml; path = Info.plist; sourceTree = "<group>"; };
		9696997A2799782D006CA203 /* NYTimesTests.xctest */ = {isa = PBXFileReference; explicitFileType = wrapper.cfbundle; includeInIndex = 0; path = NYTimesTests.xctest; sourceTree = BUILT_PRODUCTS_DIR; };
		969699842799782D006CA203 /* NYTimesUITests.xctest */ = {isa = PBXFileReference; explicitFileType = wrapper.cfbundle; includeInIndex = 0; path = NYTimesUITests.xctest; sourceTree = BUILT_PRODUCTS_DIR; };
		969699882799782D006CA203 /* NYTimesUITests.swift */ = {isa = PBXFileReference; lastKnownFileType = sourcecode.swift; path = NYTimesUITests.swift; sourceTree = "<group>"; };
		9696998A2799782D006CA203 /* NYTimesUITestsLaunchTests.swift */ = {isa = PBXFileReference; lastKnownFileType = sourcecode.swift; path = NYTimesUITestsLaunchTests.swift; sourceTree = "<group>"; };
		969699A22799927E006CA203 /* AlertDelegate.swift */ = {isa = PBXFileReference; lastKnownFileType = sourcecode.swift; path = AlertDelegate.swift; sourceTree = "<group>"; };
		969699A42799929C006CA203 /* GCD.swift */ = {isa = PBXFileReference; lastKnownFileType = sourcecode.swift; path = GCD.swift; sourceTree = "<group>"; };
		969699A6279992E3006CA203 /* ExURLSession.swift */ = {isa = PBXFileReference; lastKnownFileType = sourcecode.swift; path = ExURLSession.swift; sourceTree = "<group>"; };
		969699A82799934D006CA203 /* EndPoint.swift */ = {isa = PBXFileReference; lastKnownFileType = sourcecode.swift; path = EndPoint.swift; sourceTree = "<group>"; };
		969699AA27999368006CA203 /* Router.swift */ = {isa = PBXFileReference; lastKnownFileType = sourcecode.swift; path = Router.swift; sourceTree = "<group>"; };
		969699AC27999390006CA203 /* ImgProvider.swift */ = {isa = PBXFileReference; lastKnownFileType = sourcecode.swift; path = ImgProvider.swift; sourceTree = "<group>"; };
		969699AE279997D5006CA203 /* News.swift */ = {isa = PBXFileReference; lastKnownFileType = sourcecode.swift; path = News.swift; sourceTree = "<group>"; };
		BBB960261156CBF1F1FAAA13 /* Pods-NYTimesTests.release.xcconfig */ = {isa = PBXFileReference; includeInIndex = 1; lastKnownFileType = text.xcconfig; name = "Pods-NYTimesTests.release.xcconfig"; path = "Target Support Files/Pods-NYTimesTests/Pods-NYTimesTests.release.xcconfig"; sourceTree = "<group>"; };
		DC7B7C691A26992815EBB863 /* Pods-NYTimesTests.debug.xcconfig */ = {isa = PBXFileReference; includeInIndex = 1; lastKnownFileType = text.xcconfig; name = "Pods-NYTimesTests.debug.xcconfig"; path = "Target Support Files/Pods-NYTimesTests/Pods-NYTimesTests.debug.xcconfig"; sourceTree = "<group>"; };
		E3B042B7B0D58D1A6E2B471C /* Pods-NYTimes.debug.xcconfig */ = {isa = PBXFileReference; includeInIndex = 1; lastKnownFileType = text.xcconfig; name = "Pods-NYTimes.debug.xcconfig"; path = "Target Support Files/Pods-NYTimes/Pods-NYTimes.debug.xcconfig"; sourceTree = "<group>"; };
		E4615C6E5774812F7DF71E56 /* Pods_NYTimes.framework */ = {isa = PBXFileReference; explicitFileType = wrapper.framework; includeInIndex = 0; path = Pods_NYTimes.framework; sourceTree = BUILT_PRODUCTS_DIR; };
/* End PBXFileReference section */

/* Begin PBXFrameworksBuildPhase section */
		969699612799782B006CA203 /* Frameworks */ = {
			isa = PBXFrameworksBuildPhase;
			buildActionMask = 2147483647;
			files = (
				5C784510CD479EDB413ACA2A /* Pods_NYTimes.framework in Frameworks */,
			);
			runOnlyForDeploymentPostprocessing = 0;
		};
		969699772799782D006CA203 /* Frameworks */ = {
			isa = PBXFrameworksBuildPhase;
			buildActionMask = 2147483647;
			files = (
				86C034F6894B8782D4C6C790 /* Pods_NYTimesTests.framework in Frameworks */,
			);
			runOnlyForDeploymentPostprocessing = 0;
		};
		969699812799782D006CA203 /* Frameworks */ = {
			isa = PBXFrameworksBuildPhase;
			buildActionMask = 2147483647;
			files = (
				037AD9AFD83FE5CFDC90B7AB /* Pods_NYTimes_NYTimesUITests.framework in Frameworks */,
			);
			runOnlyForDeploymentPostprocessing = 0;
		};
/* End PBXFrameworksBuildPhase section */

/* Begin PBXGroup section */
		0F71E0122799F98B00012F01 /* TVCells */ = {
			isa = PBXGroup;
			children = (
				0F71E0132799F9C400012F01 /* BaseArticleCell.swift */,
				0F71E01D279AAB2000012F01 /* NewsTVCell.swift */,
				0F71E01F279ADC1B00012F01 /* DetailsTVCell.swift */,
			);
			path = TVCells;
			sourceTree = "<group>";
		};
		0F71E021279AE72700012F01 /* Managers */ = {
			isa = PBXGroup;
			children = (
				0F71E022279AE73D00012F01 /* DBManager.swift */,
				969699AC27999390006CA203 /* ImgProvider.swift */,
			);
			path = Managers;
			sourceTree = "<group>";
		};
		0F71E024279B029000012F01 /* Stup */ = {
			isa = PBXGroup;
			children = (
				0F71E025279B02AD00012F01 /* NewsJson.json */,
			);
			path = Stup;
			sourceTree = "<group>";
		};
		9696995B2799782B006CA203 = {
			isa = PBXGroup;
			children = (
				969699662799782B006CA203 /* NYTimes */,
				9696997D2799782D006CA203 /* NYTimesTests */,
				969699872799782D006CA203 /* NYTimesUITests */,
				969699652799782B006CA203 /* Products */,
				EDD33098F863AF9F4510E9A1 /* Pods */,
				EB84A3344584916D15A619F1 /* Frameworks */,
			);
			sourceTree = "<group>";
		};
		969699652799782B006CA203 /* Products */ = {
			isa = PBXGroup;
			children = (
				969699642799782B006CA203 /* NYTimes.app */,
				9696997A2799782D006CA203 /* NYTimesTests.xctest */,
				969699842799782D006CA203 /* NYTimesUITests.xctest */,
			);
			name = Products;
			sourceTree = "<group>";
		};
		969699662799782B006CA203 /* NYTimes */ = {
			isa = PBXGroup;
			children = (
				9696999727998C6A006CA203 /* App */,
				9696999E27998D6E006CA203 /* Utils */,
				9696999F27998D74006CA203 /* Extensions */,
				0F71E021279AE72700012F01 /* Managers */,
				9696999A27998D06006CA203 /* View */,
				9696999D27998D60006CA203 /* ViewModel */,
				9696999C27998D55006CA203 /* Model */,
				969699A127998D9B006CA203 /* Network */,
				9696999B27998D47006CA203 /* Scenes */,
				969699A027998D87006CA203 /* Resources */,
			);
			path = NYTimes;
			sourceTree = "<group>";
		};
		9696997D2799782D006CA203 /* NYTimesTests */ = {
			isa = PBXGroup;
			children = (
				0F71E024279B029000012F01 /* Stup */,
				0F71E027279B031400012F01 /* NewsVMTests.swift */,
				0F71E029279B06EE00012F01 /* ArticleVMTests.swift */,
				0F71E02F279B11BF00012F01 /* EndPointTests.swift */,
				0F71E031279B11CB00012F01 /* GCDTests.swift */,
			);
			path = NYTimesTests;
			sourceTree = "<group>";
		};
		969699872799782D006CA203 /* NYTimesUITests */ = {
			isa = PBXGroup;
			children = (
				969699882799782D006CA203 /* NYTimesUITests.swift */,
				9696998A2799782D006CA203 /* NYTimesUITestsLaunchTests.swift */,
			);
			path = NYTimesUITests;
			sourceTree = "<group>";
		};
		9696999727998C6A006CA203 /* App */ = {
			isa = PBXGroup;
			children = (
				9696999827998C90006CA203 /* Delegate */,
				9696999927998C9B006CA203 /* Confegrations */,
			);
			path = App;
			sourceTree = "<group>";
		};
		9696999827998C90006CA203 /* Delegate */ = {
			isa = PBXGroup;
			children = (
				969699672799782B006CA203 /* AppDelegate.swift */,
			);
			path = Delegate;
			sourceTree = "<group>";
		};
		9696999927998C9B006CA203 /* Confegrations */ = {
			isa = PBXGroup;
			children = (
				969699752799782D006CA203 /* Info.plist */,
			);
			path = Confegrations;
			sourceTree = "<group>";
		};
		9696999A27998D06006CA203 /* View */ = {
			isa = PBXGroup;
			children = (
				0F71E0122799F98B00012F01 /* TVCells */,
				9696996B2799782B006CA203 /* NewsVC.swift */,
				0F71E01B279A211900012F01 /* ArticleDetailsVC.swift */,
			);
			path = View;
			sourceTree = "<group>";
		};
		9696999B27998D47006CA203 /* Scenes */ = {
			isa = PBXGroup;
			children = (
				969699722799782D006CA203 /* LaunchScreen.storyboard */,
				9696996D2799782B006CA203 /* Main.storyboard */,
			);
			path = Scenes;
			sourceTree = "<group>";
		};
		9696999C27998D55006CA203 /* Model */ = {
			isa = PBXGroup;
			children = (
				969699AE279997D5006CA203 /* News.swift */,
			);
			path = Model;
			sourceTree = "<group>";
		};
		9696999D27998D60006CA203 /* ViewModel */ = {
			isa = PBXGroup;
			children = (
				0F71E0152799FD0A00012F01 /* NewsVM.swift */,
				0F71E0172799FD5F00012F01 /* ArticleVM.swift */,
			);
			path = ViewModel;
			sourceTree = "<group>";
		};
		9696999E27998D6E006CA203 /* Utils */ = {
			isa = PBXGroup;
			children = (
				969699A22799927E006CA203 /* AlertDelegate.swift */,
				969699A42799929C006CA203 /* GCD.swift */,
			);
			path = Utils;
			sourceTree = "<group>";
		};
		9696999F27998D74006CA203 /* Extensions */ = {
			isa = PBXGroup;
			children = (
				969699A6279992E3006CA203 /* ExURLSession.swift */,
				0F71E0102799EDA600012F01 /* ExUIView.swift */,
				0F71E019279A1BAB00012F01 /* ExUITableview.swift */,
			);
			path = Extensions;
			sourceTree = "<group>";
		};
		969699A027998D87006CA203 /* Resources */ = {
			isa = PBXGroup;
			children = (
				969699702799782D006CA203 /* Assets.xcassets */,
			);
			path = Resources;
			sourceTree = "<group>";
		};
		969699A127998D9B006CA203 /* Network */ = {
			isa = PBXGroup;
			children = (
				969699A82799934D006CA203 /* EndPoint.swift */,
				969699AA27999368006CA203 /* Router.swift */,
			);
			path = Network;
			sourceTree = "<group>";
		};
		EB84A3344584916D15A619F1 /* Frameworks */ = {
			isa = PBXGroup;
			children = (
				E4615C6E5774812F7DF71E56 /* Pods_NYTimes.framework */,
				8AD7D46C405B0785504630F2 /* Pods_NYTimes_NYTimesUITests.framework */,
				80F22C52997646920628F3DF /* Pods_NYTimesTests.framework */,
			);
			name = Frameworks;
			sourceTree = "<group>";
		};
		EDD33098F863AF9F4510E9A1 /* Pods */ = {
			isa = PBXGroup;
			children = (
				E3B042B7B0D58D1A6E2B471C /* Pods-NYTimes.debug.xcconfig */,
				5ACD2A9584F9760B9BC9F50B /* Pods-NYTimes.release.xcconfig */,
				24249DD936BCB33A912F3732 /* Pods-NYTimes-NYTimesUITests.debug.xcconfig */,
				94AF29EF67EE98DE71193F3A /* Pods-NYTimes-NYTimesUITests.release.xcconfig */,
				DC7B7C691A26992815EBB863 /* Pods-NYTimesTests.debug.xcconfig */,
				BBB960261156CBF1F1FAAA13 /* Pods-NYTimesTests.release.xcconfig */,
			);
			path = Pods;
			sourceTree = "<group>";
		};
/* End PBXGroup section */

/* Begin PBXNativeTarget section */
		969699632799782B006CA203 /* NYTimes */ = {
			isa = PBXNativeTarget;
			buildConfigurationList = 9696998E2799782D006CA203 /* Build configuration list for PBXNativeTarget "NYTimes" */;
			buildPhases = (
				8D712E6475F9177305873621 /* [CP] Check Pods Manifest.lock */,
				969699602799782B006CA203 /* Sources */,
				969699612799782B006CA203 /* Frameworks */,
				969699622799782B006CA203 /* Resources */,
				08E014D457A663B1F35EF15B /* [CP] Embed Pods Frameworks */,
			);
			buildRules = (
			);
			dependencies = (
			);
			name = NYTimes;
			productName = NYTimes;
			productReference = 969699642799782B006CA203 /* NYTimes.app */;
			productType = "com.apple.product-type.application";
		};
		969699792799782D006CA203 /* NYTimesTests */ = {
			isa = PBXNativeTarget;
			buildConfigurationList = 969699912799782D006CA203 /* Build configuration list for PBXNativeTarget "NYTimesTests" */;
			buildPhases = (
				C174FB799445E6B26CAD7B01 /* [CP] Check Pods Manifest.lock */,
				969699762799782D006CA203 /* Sources */,
				969699772799782D006CA203 /* Frameworks */,
				969699782799782D006CA203 /* Resources */,
			);
			buildRules = (
			);
			dependencies = (
				9696997C2799782D006CA203 /* PBXTargetDependency */,
			);
			name = NYTimesTests;
			productName = NYTimesTests;
			productReference = 9696997A2799782D006CA203 /* NYTimesTests.xctest */;
			productType = "com.apple.product-type.bundle.unit-test";
		};
		969699832799782D006CA203 /* NYTimesUITests */ = {
			isa = PBXNativeTarget;
			buildConfigurationList = 969699942799782D006CA203 /* Build configuration list for PBXNativeTarget "NYTimesUITests" */;
			buildPhases = (
				4A763675AF587B0AAA4520C2 /* [CP] Check Pods Manifest.lock */,
				969699802799782D006CA203 /* Sources */,
				969699812799782D006CA203 /* Frameworks */,
				969699822799782D006CA203 /* Resources */,
				B064924E6E27B44147420BBD /* [CP] Embed Pods Frameworks */,
			);
			buildRules = (
			);
			dependencies = (
				969699862799782D006CA203 /* PBXTargetDependency */,
			);
			name = NYTimesUITests;
			productName = NYTimesUITests;
			productReference = 969699842799782D006CA203 /* NYTimesUITests.xctest */;
			productType = "com.apple.product-type.bundle.ui-testing";
		};
/* End PBXNativeTarget section */

/* Begin PBXProject section */
		9696995C2799782B006CA203 /* Project object */ = {
			isa = PBXProject;
			attributes = {
				BuildIndependentTargetsInParallel = 1;
				LastSwiftUpdateCheck = 1320;
				LastUpgradeCheck = 1320;
				TargetAttributes = {
					969699632799782B006CA203 = {
						CreatedOnToolsVersion = 13.2.1;
					};
					969699792799782D006CA203 = {
						CreatedOnToolsVersion = 13.2.1;
						TestTargetID = 969699632799782B006CA203;
					};
					969699832799782D006CA203 = {
						CreatedOnToolsVersion = 13.2.1;
						TestTargetID = 969699632799782B006CA203;
					};
				};
			};
			buildConfigurationList = 9696995F2799782B006CA203 /* Build configuration list for PBXProject "NYTimes" */;
			compatibilityVersion = "Xcode 13.0";
			developmentRegion = en;
			hasScannedForEncodings = 0;
			knownRegions = (
				en,
				Base,
			);
			mainGroup = 9696995B2799782B006CA203;
			productRefGroup = 969699652799782B006CA203 /* Products */;
			projectDirPath = "";
			projectRoot = "";
			targets = (
				969699632799782B006CA203 /* NYTimes */,
				969699792799782D006CA203 /* NYTimesTests */,
				969699832799782D006CA203 /* NYTimesUITests */,
			);
		};
/* End PBXProject section */

/* Begin PBXResourcesBuildPhase section */
		969699622799782B006CA203 /* Resources */ = {
			isa = PBXResourcesBuildPhase;
			buildActionMask = 2147483647;
			files = (
				969699742799782D006CA203 /* LaunchScreen.storyboard in Resources */,
				969699712799782D006CA203 /* Assets.xcassets in Resources */,
				9696996F2799782B006CA203 /* Main.storyboard in Resources */,
			);
			runOnlyForDeploymentPostprocessing = 0;
		};
		969699782799782D006CA203 /* Resources */ = {
			isa = PBXResourcesBuildPhase;
			buildActionMask = 2147483647;
			files = (
				0F71E026279B02AD00012F01 /* NewsJson.json in Resources */,
			);
			runOnlyForDeploymentPostprocessing = 0;
		};
		969699822799782D006CA203 /* Resources */ = {
			isa = PBXResourcesBuildPhase;
			buildActionMask = 2147483647;
			files = (
			);
			runOnlyForDeploymentPostprocessing = 0;
		};
/* End PBXResourcesBuildPhase section */

/* Begin PBXShellScriptBuildPhase section */
		08E014D457A663B1F35EF15B /* [CP] Embed Pods Frameworks */ = {
			isa = PBXShellScriptBuildPhase;
			buildActionMask = 2147483647;
			files = (
			);
			inputFileListPaths = (
				"${PODS_ROOT}/Target Support Files/Pods-NYTimes/Pods-NYTimes-frameworks-${CONFIGURATION}-input-files.xcfilelist",
			);
			name = "[CP] Embed Pods Frameworks";
			outputFileListPaths = (
				"${PODS_ROOT}/Target Support Files/Pods-NYTimes/Pods-NYTimes-frameworks-${CONFIGURATION}-output-files.xcfilelist",
			);
			runOnlyForDeploymentPostprocessing = 0;
			shellPath = /bin/sh;
			shellScript = "\"${PODS_ROOT}/Target Support Files/Pods-NYTimes/Pods-NYTimes-frameworks.sh\"\n";
			showEnvVarsInLog = 0;
		};
		4A763675AF587B0AAA4520C2 /* [CP] Check Pods Manifest.lock */ = {
			isa = PBXShellScriptBuildPhase;
			buildActionMask = 2147483647;
			files = (
			);
			inputFileListPaths = (
			);
			inputPaths = (
				"${PODS_PODFILE_DIR_PATH}/Podfile.lock",
				"${PODS_ROOT}/Manifest.lock",
			);
			name = "[CP] Check Pods Manifest.lock";
			outputFileListPaths = (
			);
			outputPaths = (
				"$(DERIVED_FILE_DIR)/Pods-NYTimes-NYTimesUITests-checkManifestLockResult.txt",
			);
			runOnlyForDeploymentPostprocessing = 0;
			shellPath = /bin/sh;
			shellScript = "diff \"${PODS_PODFILE_DIR_PATH}/Podfile.lock\" \"${PODS_ROOT}/Manifest.lock\" > /dev/null\nif [ $? != 0 ] ; then\n    # print error to STDERR\n    echo \"error: The sandbox is not in sync with the Podfile.lock. Run 'pod install' or update your CocoaPods installation.\" >&2\n    exit 1\nfi\n# This output is used by Xcode 'outputs' to avoid re-running this script phase.\necho \"SUCCESS\" > \"${SCRIPT_OUTPUT_FILE_0}\"\n";
			showEnvVarsInLog = 0;
		};
		8D712E6475F9177305873621 /* [CP] Check Pods Manifest.lock */ = {
			isa = PBXShellScriptBuildPhase;
			buildActionMask = 2147483647;
			files = (
			);
			inputFileListPaths = (
			);
			inputPaths = (
				"${PODS_PODFILE_DIR_PATH}/Podfile.lock",
				"${PODS_ROOT}/Manifest.lock",
			);
			name = "[CP] Check Pods Manifest.lock";
			outputFileListPaths = (
			);
			outputPaths = (
				"$(DERIVED_FILE_DIR)/Pods-NYTimes-checkManifestLockResult.txt",
			);
			runOnlyForDeploymentPostprocessing = 0;
			shellPath = /bin/sh;
			shellScript = "diff \"${PODS_PODFILE_DIR_PATH}/Podfile.lock\" \"${PODS_ROOT}/Manifest.lock\" > /dev/null\nif [ $? != 0 ] ; then\n    # print error to STDERR\n    echo \"error: The sandbox is not in sync with the Podfile.lock. Run 'pod install' or update your CocoaPods installation.\" >&2\n    exit 1\nfi\n# This output is used by Xcode 'outputs' to avoid re-running this script phase.\necho \"SUCCESS\" > \"${SCRIPT_OUTPUT_FILE_0}\"\n";
			showEnvVarsInLog = 0;
		};
		B064924E6E27B44147420BBD /* [CP] Embed Pods Frameworks */ = {
			isa = PBXShellScriptBuildPhase;
			buildActionMask = 2147483647;
			files = (
			);
			inputFileListPaths = (
				"${PODS_ROOT}/Target Support Files/Pods-NYTimes-NYTimesUITests/Pods-NYTimes-NYTimesUITests-frameworks-${CONFIGURATION}-input-files.xcfilelist",
			);
			name = "[CP] Embed Pods Frameworks";
			outputFileListPaths = (
				"${PODS_ROOT}/Target Support Files/Pods-NYTimes-NYTimesUITests/Pods-NYTimes-NYTimesUITests-frameworks-${CONFIGURATION}-output-files.xcfilelist",
			);
			runOnlyForDeploymentPostprocessing = 0;
			shellPath = /bin/sh;
			shellScript = "\"${PODS_ROOT}/Target Support Files/Pods-NYTimes-NYTimesUITests/Pods-NYTimes-NYTimesUITests-frameworks.sh\"\n";
			showEnvVarsInLog = 0;
		};
		C174FB799445E6B26CAD7B01 /* [CP] Check Pods Manifest.lock */ = {
			isa = PBXShellScriptBuildPhase;
			buildActionMask = 2147483647;
			files = (
			);
			inputFileListPaths = (
			);
			inputPaths = (
				"${PODS_PODFILE_DIR_PATH}/Podfile.lock",
				"${PODS_ROOT}/Manifest.lock",
			);
			name = "[CP] Check Pods Manifest.lock";
			outputFileListPaths = (
			);
			outputPaths = (
				"$(DERIVED_FILE_DIR)/Pods-NYTimesTests-checkManifestLockResult.txt",
			);
			runOnlyForDeploymentPostprocessing = 0;
			shellPath = /bin/sh;
			shellScript = "diff \"${PODS_PODFILE_DIR_PATH}/Podfile.lock\" \"${PODS_ROOT}/Manifest.lock\" > /dev/null\nif [ $? != 0 ] ; then\n    # print error to STDERR\n    echo \"error: The sandbox is not in sync with the Podfile.lock. Run 'pod install' or update your CocoaPods installation.\" >&2\n    exit 1\nfi\n# This output is used by Xcode 'outputs' to avoid re-running this script phase.\necho \"SUCCESS\" > \"${SCRIPT_OUTPUT_FILE_0}\"\n";
			showEnvVarsInLog = 0;
		};
/* End PBXShellScriptBuildPhase section */

/* Begin PBXSourcesBuildPhase section */
		969699602799782B006CA203 /* Sources */ = {
			isa = PBXSourcesBuildPhase;
			buildActionMask = 2147483647;
			files = (
				0F71E01A279A1BAB00012F01 /* ExUITableview.swift in Sources */,
				969699A92799934D006CA203 /* EndPoint.swift in Sources */,
				969699A7279992E3006CA203 /* ExURLSession.swift in Sources */,
				9696996C2799782B006CA203 /* NewsVC.swift in Sources */,
				0F71E020279ADC1B00012F01 /* DetailsTVCell.swift in Sources */,
				969699AF279997D5006CA203 /* News.swift in Sources */,
				969699AB27999368006CA203 /* Router.swift in Sources */,
				0F71E0112799EDA600012F01 /* ExUIView.swift in Sources */,
				0F71E0142799F9C400012F01 /* BaseArticleCell.swift in Sources */,
				969699AD27999390006CA203 /* ImgProvider.swift in Sources */,
				969699A32799927E006CA203 /* AlertDelegate.swift in Sources */,
				969699A52799929C006CA203 /* GCD.swift in Sources */,
				0F71E0182799FD5F00012F01 /* ArticleVM.swift in Sources */,
				0F71E023279AE73D00012F01 /* DBManager.swift in Sources */,
				0F71E01E279AAB2000012F01 /* NewsTVCell.swift in Sources */,
				969699682799782B006CA203 /* AppDelegate.swift in Sources */,
				0F71E0162799FD0A00012F01 /* NewsVM.swift in Sources */,
				0F71E01C279A211900012F01 /* ArticleDetailsVC.swift in Sources */,
			);
			runOnlyForDeploymentPostprocessing = 0;
		};
		969699762799782D006CA203 /* Sources */ = {
			isa = PBXSourcesBuildPhase;
			buildActionMask = 2147483647;
			files = (
				0F71E028279B031400012F01 /* NewsVMTests.swift in Sources */,
				0F71E02A279B06EE00012F01 /* ArticleVMTests.swift in Sources */,
				0F71E032279B11CB00012F01 /* GCDTests.swift in Sources */,
				0F71E030279B11BF00012F01 /* EndPointTests.swift in Sources */,
			);
			runOnlyForDeploymentPostprocessing = 0;
		};
		969699802799782D006CA203 /* Sources */ = {
			isa = PBXSourcesBuildPhase;
			buildActionMask = 2147483647;
			files = (
				9696998B2799782D006CA203 /* NYTimesUITestsLaunchTests.swift in Sources */,
				969699892799782D006CA203 /* NYTimesUITests.swift in Sources */,
			);
			runOnlyForDeploymentPostprocessing = 0;
		};
/* End PBXSourcesBuildPhase section */

/* Begin PBXTargetDependency section */
		9696997C2799782D006CA203 /* PBXTargetDependency */ = {
			isa = PBXTargetDependency;
			target = 969699632799782B006CA203 /* NYTimes */;
			targetProxy = 9696997B2799782D006CA203 /* PBXContainerItemProxy */;
		};
		969699862799782D006CA203 /* PBXTargetDependency */ = {
			isa = PBXTargetDependency;
			target = 969699632799782B006CA203 /* NYTimes */;
			targetProxy = 969699852799782D006CA203 /* PBXContainerItemProxy */;
		};
/* End PBXTargetDependency section */

/* Begin PBXVariantGroup section */
		9696996D2799782B006CA203 /* Main.storyboard */ = {
			isa = PBXVariantGroup;
			children = (
				9696996E2799782B006CA203 /* Base */,
			);
			name = Main.storyboard;
			sourceTree = "<group>";
		};
		969699722799782D006CA203 /* LaunchScreen.storyboard */ = {
			isa = PBXVariantGroup;
			children = (
				969699732799782D006CA203 /* Base */,
			);
			name = LaunchScreen.storyboard;
			sourceTree = "<group>";
		};
/* End PBXVariantGroup section */

/* Begin XCBuildConfiguration section */
		9696998C2799782D006CA203 /* Debug */ = {
			isa = XCBuildConfiguration;
			buildSettings = {
				ALWAYS_SEARCH_USER_PATHS = NO;
				CLANG_ANALYZER_NONNULL = YES;
				CLANG_ANALYZER_NUMBER_OBJECT_CONVERSION = YES_AGGRESSIVE;
				CLANG_CXX_LANGUAGE_STANDARD = "gnu++17";
				CLANG_CXX_LIBRARY = "libc++";
				CLANG_ENABLE_MODULES = YES;
				CLANG_ENABLE_OBJC_ARC = YES;
				CLANG_ENABLE_OBJC_WEAK = YES;
				CLANG_WARN_BLOCK_CAPTURE_AUTORELEASING = YES;
				CLANG_WARN_BOOL_CONVERSION = YES;
				CLANG_WARN_COMMA = YES;
				CLANG_WARN_CONSTANT_CONVERSION = YES;
				CLANG_WARN_DEPRECATED_OBJC_IMPLEMENTATIONS = YES;
				CLANG_WARN_DIRECT_OBJC_ISA_USAGE = YES_ERROR;
				CLANG_WARN_DOCUMENTATION_COMMENTS = YES;
				CLANG_WARN_EMPTY_BODY = YES;
				CLANG_WARN_ENUM_CONVERSION = YES;
				CLANG_WARN_INFINITE_RECURSION = YES;
				CLANG_WARN_INT_CONVERSION = YES;
				CLANG_WARN_NON_LITERAL_NULL_CONVERSION = YES;
				CLANG_WARN_OBJC_IMPLICIT_RETAIN_SELF = YES;
				CLANG_WARN_OBJC_LITERAL_CONVERSION = YES;
				CLANG_WARN_OBJC_ROOT_CLASS = YES_ERROR;
				CLANG_WARN_QUOTED_INCLUDE_IN_FRAMEWORK_HEADER = YES;
				CLANG_WARN_RANGE_LOOP_ANALYSIS = YES;
				CLANG_WARN_STRICT_PROTOTYPES = YES;
				CLANG_WARN_SUSPICIOUS_MOVE = YES;
				CLANG_WARN_UNGUARDED_AVAILABILITY = YES_AGGRESSIVE;
				CLANG_WARN_UNREACHABLE_CODE = YES;
				CLANG_WARN__DUPLICATE_METHOD_MATCH = YES;
				COPY_PHASE_STRIP = NO;
				DEBUG_INFORMATION_FORMAT = dwarf;
				ENABLE_STRICT_OBJC_MSGSEND = YES;
				ENABLE_TESTABILITY = YES;
				GCC_C_LANGUAGE_STANDARD = gnu11;
				GCC_DYNAMIC_NO_PIC = NO;
				GCC_NO_COMMON_BLOCKS = YES;
				GCC_OPTIMIZATION_LEVEL = 0;
				GCC_PREPROCESSOR_DEFINITIONS = (
					"DEBUG=1",
					"$(inherited)",
				);
				GCC_WARN_64_TO_32_BIT_CONVERSION = YES;
				GCC_WARN_ABOUT_RETURN_TYPE = YES_ERROR;
				GCC_WARN_UNDECLARED_SELECTOR = YES;
				GCC_WARN_UNINITIALIZED_AUTOS = YES_AGGRESSIVE;
				GCC_WARN_UNUSED_FUNCTION = YES;
				GCC_WARN_UNUSED_VARIABLE = YES;
				IPHONEOS_DEPLOYMENT_TARGET = 15.2;
				MTL_ENABLE_DEBUG_INFO = INCLUDE_SOURCE;
				MTL_FAST_MATH = YES;
				ONLY_ACTIVE_ARCH = YES;
				SDKROOT = iphoneos;
				SWIFT_ACTIVE_COMPILATION_CONDITIONS = DEBUG;
				SWIFT_OPTIMIZATION_LEVEL = "-Onone";
			};
			name = Debug;
		};
		9696998D2799782D006CA203 /* Release */ = {
			isa = XCBuildConfiguration;
			buildSettings = {
				ALWAYS_SEARCH_USER_PATHS = NO;
				CLANG_ANALYZER_NONNULL = YES;
				CLANG_ANALYZER_NUMBER_OBJECT_CONVERSION = YES_AGGRESSIVE;
				CLANG_CXX_LANGUAGE_STANDARD = "gnu++17";
				CLANG_CXX_LIBRARY = "libc++";
				CLANG_ENABLE_MODULES = YES;
				CLANG_ENABLE_OBJC_ARC = YES;
				CLANG_ENABLE_OBJC_WEAK = YES;
				CLANG_WARN_BLOCK_CAPTURE_AUTORELEASING = YES;
				CLANG_WARN_BOOL_CONVERSION = YES;
				CLANG_WARN_COMMA = YES;
				CLANG_WARN_CONSTANT_CONVERSION = YES;
				CLANG_WARN_DEPRECATED_OBJC_IMPLEMENTATIONS = YES;
				CLANG_WARN_DIRECT_OBJC_ISA_USAGE = YES_ERROR;
				CLANG_WARN_DOCUMENTATION_COMMENTS = YES;
				CLANG_WARN_EMPTY_BODY = YES;
				CLANG_WARN_ENUM_CONVERSION = YES;
				CLANG_WARN_INFINITE_RECURSION = YES;
				CLANG_WARN_INT_CONVERSION = YES;
				CLANG_WARN_NON_LITERAL_NULL_CONVERSION = YES;
				CLANG_WARN_OBJC_IMPLICIT_RETAIN_SELF = YES;
				CLANG_WARN_OBJC_LITERAL_CONVERSION = YES;
				CLANG_WARN_OBJC_ROOT_CLASS = YES_ERROR;
				CLANG_WARN_QUOTED_INCLUDE_IN_FRAMEWORK_HEADER = YES;
				CLANG_WARN_RANGE_LOOP_ANALYSIS = YES;
				CLANG_WARN_STRICT_PROTOTYPES = YES;
				CLANG_WARN_SUSPICIOUS_MOVE = YES;
				CLANG_WARN_UNGUARDED_AVAILABILITY = YES_AGGRESSIVE;
				CLANG_WARN_UNREACHABLE_CODE = YES;
				CLANG_WARN__DUPLICATE_METHOD_MATCH = YES;
				COPY_PHASE_STRIP = NO;
				DEBUG_INFORMATION_FORMAT = "dwarf-with-dsym";
				ENABLE_NS_ASSERTIONS = NO;
				ENABLE_STRICT_OBJC_MSGSEND = YES;
				GCC_C_LANGUAGE_STANDARD = gnu11;
				GCC_NO_COMMON_BLOCKS = YES;
				GCC_WARN_64_TO_32_BIT_CONVERSION = YES;
				GCC_WARN_ABOUT_RETURN_TYPE = YES_ERROR;
				GCC_WARN_UNDECLARED_SELECTOR = YES;
				GCC_WARN_UNINITIALIZED_AUTOS = YES_AGGRESSIVE;
				GCC_WARN_UNUSED_FUNCTION = YES;
				GCC_WARN_UNUSED_VARIABLE = YES;
				IPHONEOS_DEPLOYMENT_TARGET = 15.2;
				MTL_ENABLE_DEBUG_INFO = NO;
				MTL_FAST_MATH = YES;
				SDKROOT = iphoneos;
				SWIFT_COMPILATION_MODE = wholemodule;
				SWIFT_OPTIMIZATION_LEVEL = "-O";
				VALIDATE_PRODUCT = YES;
			};
			name = Release;
		};
		9696998F2799782D006CA203 /* Debug */ = {
			isa = XCBuildConfiguration;
			baseConfigurationReference = E3B042B7B0D58D1A6E2B471C /* Pods-NYTimes.debug.xcconfig */;
			buildSettings = {
				ASSETCATALOG_COMPILER_APPICON_NAME = AppIcon;
				ASSETCATALOG_COMPILER_GLOBAL_ACCENT_COLOR_NAME = AccentColor;
				CODE_SIGN_STYLE = Automatic;
				CURRENT_PROJECT_VERSION = 1;
				DEVELOPMENT_TEAM = PJ2M579DS3;
				GENERATE_INFOPLIST_FILE = YES;
				INFOPLIST_FILE = NYTimes/App/Confegrations/Info.plist;
				INFOPLIST_KEY_UIApplicationSupportsIndirectInputEvents = YES;
				INFOPLIST_KEY_UILaunchStoryboardName = LaunchScreen;
				INFOPLIST_KEY_UIMainStoryboardFile = Main;
				INFOPLIST_KEY_UISupportedInterfaceOrientations = UIInterfaceOrientationPortrait;
				INFOPLIST_KEY_UISupportedInterfaceOrientations_iPad = "UIInterfaceOrientationPortrait UIInterfaceOrientationPortraitUpsideDown UIInterfaceOrientationLandscapeLeft UIInterfaceOrientationLandscapeRight";
				INFOPLIST_KEY_UISupportedInterfaceOrientations_iPhone = "UIInterfaceOrientationPortrait UIInterfaceOrientationLandscapeLeft UIInterfaceOrientationLandscapeRight";
				INFOPLIST_KEY_UIUserInterfaceStyle = Light;
				IPHONEOS_DEPLOYMENT_TARGET = 14.0;
				LD_RUNPATH_SEARCH_PATHS = (
					"$(inherited)",
					"@executable_path/Frameworks",
				);
				MARKETING_VERSION = 1.0;
				PRODUCT_BUNDLE_IDENTIFIER = com.melaabd.NYTimess;
				PRODUCT_NAME = "$(TARGET_NAME)";
				SWIFT_EMIT_LOC_STRINGS = YES;
				SWIFT_VERSION = 5.0;
				TARGETED_DEVICE_FAMILY = 1;
			};
			name = Debug;
		};
		969699902799782D006CA203 /* Release */ = {
			isa = XCBuildConfiguration;
			baseConfigurationReference = 5ACD2A9584F9760B9BC9F50B /* Pods-NYTimes.release.xcconfig */;
			buildSettings = {
				ASSETCATALOG_COMPILER_APPICON_NAME = AppIcon;
				ASSETCATALOG_COMPILER_GLOBAL_ACCENT_COLOR_NAME = AccentColor;
				CODE_SIGN_STYLE = Automatic;
				CURRENT_PROJECT_VERSION = 1;
				DEVELOPMENT_TEAM = PJ2M579DS3;
				GENERATE_INFOPLIST_FILE = YES;
				INFOPLIST_FILE = NYTimes/App/Confegrations/Info.plist;
				INFOPLIST_KEY_UIApplicationSupportsIndirectInputEvents = YES;
				INFOPLIST_KEY_UILaunchStoryboardName = LaunchScreen;
				INFOPLIST_KEY_UIMainStoryboardFile = Main;
				INFOPLIST_KEY_UISupportedInterfaceOrientations = UIInterfaceOrientationPortrait;
				INFOPLIST_KEY_UISupportedInterfaceOrientations_iPad = "UIInterfaceOrientationPortrait UIInterfaceOrientationPortraitUpsideDown UIInterfaceOrientationLandscapeLeft UIInterfaceOrientationLandscapeRight";
				INFOPLIST_KEY_UISupportedInterfaceOrientations_iPhone = "UIInterfaceOrientationPortrait UIInterfaceOrientationLandscapeLeft UIInterfaceOrientationLandscapeRight";
				INFOPLIST_KEY_UIUserInterfaceStyle = Light;
				IPHONEOS_DEPLOYMENT_TARGET = 14.0;
				LD_RUNPATH_SEARCH_PATHS = (
					"$(inherited)",
					"@executable_path/Frameworks",
				);
				MARKETING_VERSION = 1.0;
				PRODUCT_BUNDLE_IDENTIFIER = com.melaabd.NYTimess;
				PRODUCT_NAME = "$(TARGET_NAME)";
				SWIFT_EMIT_LOC_STRINGS = YES;
				SWIFT_VERSION = 5.0;
				TARGETED_DEVICE_FAMILY = 1;
			};
			name = Release;
		};
		969699922799782D006CA203 /* Debug */ = {
			isa = XCBuildConfiguration;
			baseConfigurationReference = DC7B7C691A26992815EBB863 /* Pods-NYTimesTests.debug.xcconfig */;
			buildSettings = {
				ALWAYS_EMBED_SWIFT_STANDARD_LIBRARIES = YES;
				BUNDLE_LOADER = "$(TEST_HOST)";
				CODE_SIGN_STYLE = Automatic;
				CURRENT_PROJECT_VERSION = 1;
				DEVELOPMENT_TEAM = 7FPT8XD92N;
				GENERATE_INFOPLIST_FILE = YES;
				IPHONEOS_DEPLOYMENT_TARGET = 15.2;
				MARKETING_VERSION = 1.0;
				PRODUCT_BUNDLE_IDENTIFIER = com.melaabd.NYTimesTests;
				PRODUCT_NAME = "$(TARGET_NAME)";
				SWIFT_EMIT_LOC_STRINGS = NO;
				SWIFT_VERSION = 5.0;
				TARGETED_DEVICE_FAMILY = "1,2";
				TEST_HOST = "$(BUILT_PRODUCTS_DIR)/NYTimes.app/NYTimes";
			};
			name = Debug;
		};
		969699932799782D006CA203 /* Release */ = {
			isa = XCBuildConfiguration;
			baseConfigurationReference = BBB960261156CBF1F1FAAA13 /* Pods-NYTimesTests.release.xcconfig */;
			buildSettings = {
				ALWAYS_EMBED_SWIFT_STANDARD_LIBRARIES = YES;
				BUNDLE_LOADER = "$(TEST_HOST)";
				CODE_SIGN_STYLE = Automatic;
				CURRENT_PROJECT_VERSION = 1;
				DEVELOPMENT_TEAM = 7FPT8XD92N;
				GENERATE_INFOPLIST_FILE = YES;
				IPHONEOS_DEPLOYMENT_TARGET = 15.2;
				MARKETING_VERSION = 1.0;
				PRODUCT_BUNDLE_IDENTIFIER = com.melaabd.NYTimesTests;
				PRODUCT_NAME = "$(TARGET_NAME)";
				SWIFT_EMIT_LOC_STRINGS = NO;
				SWIFT_VERSION = 5.0;
				TARGETED_DEVICE_FAMILY = "1,2";
				TEST_HOST = "$(BUILT_PRODUCTS_DIR)/NYTimes.app/NYTimes";
			};
			name = Release;
		};
		969699952799782D006CA203 /* Debug */ = {
			isa = XCBuildConfiguration;
			baseConfigurationReference = 24249DD936BCB33A912F3732 /* Pods-NYTimes-NYTimesUITests.debug.xcconfig */;
			buildSettings = {
				ALWAYS_EMBED_SWIFT_STANDARD_LIBRARIES = YES;
				CODE_SIGN_STYLE = Automatic;
				CURRENT_PROJECT_VERSION = 1;
				DEVELOPMENT_TEAM = 7FPT8XD92N;
				GENERATE_INFOPLIST_FILE = YES;
				MARKETING_VERSION = 1.0;
				PRODUCT_BUNDLE_IDENTIFIER = com.melaabd.NYTimesUITests;
				PRODUCT_NAME = "$(TARGET_NAME)";
				SWIFT_EMIT_LOC_STRINGS = NO;
				SWIFT_VERSION = 5.0;
				TARGETED_DEVICE_FAMILY = "1,2";
				TEST_TARGET_NAME = NYTimes;
			};
			name = Debug;
		};
		969699962799782D006CA203 /* Release */ = {
			isa = XCBuildConfiguration;
			baseConfigurationReference = 94AF29EF67EE98DE71193F3A /* Pods-NYTimes-NYTimesUITests.release.xcconfig */;
			buildSettings = {
				ALWAYS_EMBED_SWIFT_STANDARD_LIBRARIES = YES;
				CODE_SIGN_STYLE = Automatic;
				CURRENT_PROJECT_VERSION = 1;
				DEVELOPMENT_TEAM = 7FPT8XD92N;
				GENERATE_INFOPLIST_FILE = YES;
				MARKETING_VERSION = 1.0;
				PRODUCT_BUNDLE_IDENTIFIER = com.melaabd.NYTimesUITests;
				PRODUCT_NAME = "$(TARGET_NAME)";
				SWIFT_EMIT_LOC_STRINGS = NO;
				SWIFT_VERSION = 5.0;
				TARGETED_DEVICE_FAMILY = "1,2";
				TEST_TARGET_NAME = NYTimes;
			};
			name = Release;
		};
/* End XCBuildConfiguration section */

/* Begin XCConfigurationList section */
		9696995F2799782B006CA203 /* Build configuration list for PBXProject "NYTimes" */ = {
			isa = XCConfigurationList;
			buildConfigurations = (
				9696998C2799782D006CA203 /* Debug */,
				9696998D2799782D006CA203 /* Release */,
			);
			defaultConfigurationIsVisible = 0;
			defaultConfigurationName = Release;
		};
		9696998E2799782D006CA203 /* Build configuration list for PBXNativeTarget "NYTimes" */ = {
			isa = XCConfigurationList;
			buildConfigurations = (
				9696998F2799782D006CA203 /* Debug */,
				969699902799782D006CA203 /* Release */,
			);
			defaultConfigurationIsVisible = 0;
			defaultConfigurationName = Release;
		};
		969699912799782D006CA203 /* Build configuration list for PBXNativeTarget "NYTimesTests" */ = {
			isa = XCConfigurationList;
			buildConfigurations = (
				969699922799782D006CA203 /* Debug */,
				969699932799782D006CA203 /* Release */,
			);
			defaultConfigurationIsVisible = 0;
			defaultConfigurationName = Release;
		};
		969699942799782D006CA203 /* Build configuration list for PBXNativeTarget "NYTimesUITests" */ = {
			isa = XCConfigurationList;
			buildConfigurations = (
				969699952799782D006CA203 /* Debug */,
				969699962799782D006CA203 /* Release */,
			);
			defaultConfigurationIsVisible = 0;
			defaultConfigurationName = Release;
		};
/* End XCConfigurationList section */
	};
	rootObject = 9696995C2799782B006CA203 /* Project object */;
}
